Microsoft Visual Studio Solution File, Format Version 12.00
# Visual Studio Version 17
VisualStudioVersion = 17.6.33723.286
MinimumVisualStudioVersion = 10.0.40219.1
Project("{9A19103F-16F7-4668-BE54-9A1E7A4F7556}") = "RecycleThis", "RecycleThis\RecycleThis.csproj", "{2B4A074D-E597-453B-A793-5780CEEFFE0C}"
EndProject
Global
	GlobalSection(SolutionConfigurationPlatforms) = preSolution
		Debug|Any CPU = Debug|Any CPU
		Release|Any CPU = Release|Any CPU
	EndGlobalSection
	GlobalSection(ProjectConfigurationPlatforms) = postSolution
		{2B4A074D-E597-453B-A793-5780CEEFFE0C}.Debug|Any CPU.ActiveCfg = Debug|Any CPU
		{2B4A074D-E597-453B-A793-5780CEEFFE0C}.Debug|Any CPU.Build.0 = Debug|Any CPU
		{2B4A074D-E597-453B-A793-5780CEEFFE0C}.Release|Any CPU.ActiveCfg = Release|Any CPU
		{2B4A074D-E597-453B-A793-5780CEEFFE0C}.Release|Any CPU.Build.0 = Release|Any CPU
	EndGlobalSection
	GlobalSection(SolutionProperties) = preSolution
		HideSolutionNode = FALSE
	EndGlobalSection
	GlobalSection(ExtensibilityGlobals) = postSolution
		SolutionGuid = {80ebcd17-5f29-4a73-9c6d-1a5bc9af8b05}
	EndGlobalSection
EndGlobal
